
Microsoft Visual Studio Solution File, Format Version 12.00
# Visual Studio Version 17
VisualStudioVersion = 17.7.34031.279
MinimumVisualStudioVersion = 10.0.40219.1
Project("{FAE04EC0-301F-11D3-BF4B-00C04F79EFBC}") = "LethalCompanySaveManager", "LethalCompanySaveManager.csproj", "{B02EAFB0-4F79-4B13-9930-D8C429C1769B}"
EndProject
Global
	GlobalSection(SolutionConfigurationPlatforms) = preSolution
		Debug|Any CPU = Debug|Any CPU
		Release|Any CPU = Release|Any CPU
	EndGlobalSection
	GlobalSection(ProjectConfigurationPlatforms) = postSolution
		{B02EAFB0-4F79-4B13-9930-D8C429C1769B}.Debug|Any CPU.ActiveCfg = Debug|Any CPU
		{B02EAFB0-4F79-4B13-9930-D8C429C1769B}.Debug|Any CPU.Build.0 = Debug|Any CPU
		{B02EAFB0-4F79-4B13-9930-D8C429C1769B}.Release|Any CPU.ActiveCfg = Release|Any CPU
		{B02EAFB0-4F79-4B13-9930-D8C429C1769B}.Release|Any CPU.Build.0 = Release|Any CPU
	EndGlobalSection
	GlobalSection(SolutionProperties) = preSolution
		HideSolutionNode = FALSE
	EndGlobalSection
	GlobalSection(ExtensibilityGlobals) = postSolution
		SolutionGuid = {F19E9C4B-E578-40A2-B7D6-530D2495A460}
	EndGlobalSection
EndGlobal
